
Microsoft Visual Studio Solution File, Format Version 12.00
# Visual Studio Version 17
VisualStudioVersion = 17.5.33627.172
MinimumVisualStudioVersion = 10.0.40219.1
Project("{FAE04EC0-301F-11D3-BF4B-00C04F79EFBC}") = "Strings", "Strings.csproj", "{936F5C8E-76F3-4820-9CC1-2AAEEF1CE3A9}"
EndProject
Global
	GlobalSection(SolutionConfigurationPlatforms) = preSolution
		Debug|Any CPU = Debug|Any CPU
		Release|Any CPU = Release|Any CPU
	EndGlobalSection
	GlobalSection(ProjectConfigurationPlatforms) = postSolution
		{936F5C8E-76F3-4820-9CC1-2AAEEF1CE3A9}.Debug|Any CPU.ActiveCfg = Debug|Any CPU
		{936F5C8E-76F3-4820-9CC1-2AAEEF1CE3A9}.Debug|Any CPU.Build.0 = Debug|Any CPU
		{936F5C8E-76F3-4820-9CC1-2AAEEF1CE3A9}.Release|Any CPU.ActiveCfg = Release|Any CPU
		{936F5C8E-76F3-4820-9CC1-2AAEEF1CE3A9}.Release|Any CPU.Build.0 = Release|Any CPU
	EndGlobalSection
	GlobalSection(SolutionProperties) = preSolution
		HideSolutionNode = FALSE
	EndGlobalSection
	GlobalSection(ExtensibilityGlobals) = postSolution
		SolutionGuid = {F8E65A5C-F51A-4C7C-A819-09E9AE109603}
	EndGlobalSection
EndGlobal
